
Microsoft Visual Studio Solution File, Format Version 12.00
# Visual Studio Version 16
VisualStudioVersion = 16.0.31112.23
MinimumVisualStudioVersion = 10.0.40219.1
Project("{FAE04EC0-301F-11D3-BF4B-00C04F79EFBC}") = "ShiLei.Study.WinfrmStudy", "ShiLei.Study.WinfrmStudy\ShiLei.Study.WinfrmStudy.csproj", "{392C250C-326E-44D3-BE7C-38F6F68E4F65}"
EndProject
Global
	GlobalSection(SolutionConfigurationPlatforms) = preSolution
		Debug|Any CPU = Debug|Any CPU
		Release|Any CPU = Release|Any CPU
	EndGlobalSection
	GlobalSection(ProjectConfigurationPlatforms) = postSolution
		{392C250C-326E-44D3-BE7C-38F6F68E4F65}.Debug|Any CPU.ActiveCfg = Debug|Any CPU
		{392C250C-326E-44D3-BE7C-38F6F68E4F65}.Debug|Any CPU.Build.0 = Debug|Any CPU
		{392C250C-326E-44D3-BE7C-38F6F68E4F65}.Release|Any CPU.ActiveCfg = Release|Any CPU
		{392C250C-326E-44D3-BE7C-38F6F68E4F65}.Release|Any CPU.Build.0 = Release|Any CPU
	EndGlobalSection
	GlobalSection(SolutionProperties) = preSolution
		HideSolutionNode = FALSE
	EndGlobalSection
	GlobalSection(ExtensibilityGlobals) = postSolution
		SolutionGuid = {8E7AD508-8737-4E63-A22E-DC7F036B84EC}
	EndGlobalSection
EndGlobal
